
Microsoft Visual Studio Solution File, Format Version 12.00
# Visual Studio Version 17
VisualStudioVersion = 17.5.002.0
MinimumVisualStudioVersion = 10.0.40219.1
Project("{9A19103F-16F7-4668-BE54-9A1E7A4F7556}") = "LançamentoDeDados", "LançamentoDeDados\LançamentoDeDados.csproj", "{D9B970E0-D2BA-46F4-9B1D-CA343248A261}"
EndProject
Global
	GlobalSection(SolutionConfigurationPlatforms) = preSolution
		Debug|Any CPU = Debug|Any CPU
		Release|Any CPU = Release|Any CPU
	EndGlobalSection
	GlobalSection(ProjectConfigurationPlatforms) = postSolution
		{D9B970E0-D2BA-46F4-9B1D-CA343248A261}.Debug|Any CPU.ActiveCfg = Debug|Any CPU
		{D9B970E0-D2BA-46F4-9B1D-CA343248A261}.Debug|Any CPU.Build.0 = Debug|Any CPU
		{D9B970E0-D2BA-46F4-9B1D-CA343248A261}.Release|Any CPU.ActiveCfg = Release|Any CPU
		{D9B970E0-D2BA-46F4-9B1D-CA343248A261}.Release|Any CPU.Build.0 = Release|Any CPU
	EndGlobalSection
	GlobalSection(SolutionProperties) = preSolution
		HideSolutionNode = FALSE
	EndGlobalSection
	GlobalSection(ExtensibilityGlobals) = postSolution
		SolutionGuid = {5248E905-D336-4F7A-A0A9-E8CA2787D98A}
	EndGlobalSection
EndGlobal
